// !$*UTF8*$!
{
	archiveVersion = 1;
	classes = {
	};
	objectVersion = 77;
	objects = {

/* Begin PBXBuildFile section */
		EC7978A02E596FFA00B49BF9 /* .gitignore in Resources */ = {isa = PBXBuildFile; fileRef = EC79789F2E596FFA00B49BF9 /* .gitignore */; };
		EC7978A12E596FFA00B49BF9 /* .gitignore in Resources */ = {isa = PBXBuildFile; fileRef = EC79789F2E596FFA00B49BF9 /* .gitignore */; };
		EC7978A22E596FFA00B49BF9 /* .gitignore in Resources */ = {isa = PBXBuildFile; fileRef = EC79789F2E596FFA00B49BF9 /* .gitignore */; };
		ECA8D0742E58A66300BB0990 /* amtransfer/Config/Secrets.plist in Resources */ = {isa = PBXBuildFile; fileRef = ECA8D0732E58A66300BB0990 /* amtransfer/Config/Secrets.plist */; };
		ECA8D0752E58A66300BB0990 /* amtransfer/Config/Secrets.plist in Resources */ = {isa = PBXBuildFile; fileRef = ECA8D0732E58A66300BB0990 /* amtransfer/Config/Secrets.plist */; };
		ECA8D0762E58A66300BB0990 /* amtransfer/Config/Secrets.plist in Resources */ = {isa = PBXBuildFile; fileRef = ECA8D0732E58A66300BB0990 /* amtransfer/Config/Secrets.plist */; };
/* End PBXBuildFile section */

/* Begin PBXContainerItemProxy section */
		EC1E83672E54C25B00E4AE72 /* PBXContainerItemProxy */ = {
			isa = PBXContainerItemProxy;
			containerPortal = EC1E83502E54C25A00E4AE72 /* Project object */;
			proxyType = 1;
			remoteGlobalIDString = EC1E83572E54C25A00E4AE72;
			remoteInfo = amtransfer;
		};
		EC1E83712E54C25B00E4AE72 /* PBXContainerItemProxy */ = {
			isa = PBXContainerItemProxy;
			containerPortal = EC1E83502E54C25A00E4AE72 /* Project object */;
			proxyType = 1;
			remoteGlobalIDString = EC1E83572E54C25A00E4AE72;
			remoteInfo = amtransfer;
		};
/* End PBXContainerItemProxy section */

/* Begin PBXFileReference section */
		EC1E83582E54C25A00E4AE72 /* amtransfer.app */ = {isa = PBXFileReference; explicitFileType = wrapper.application; includeInIndex = 0; path = amtransfer.app; sourceTree = BUILT_PRODUCTS_DIR; };
		EC1E83662E54C25B00E4AE72 /* amtransferTests.xctest */ = {isa = PBXFileReference; explicitFileType = wrapper.cfbundle; includeInIndex = 0; path = amtransferTests.xctest; sourceTree = BUILT_PRODUCTS_DIR; };
		EC1E83702E54C25B00E4AE72 /* amtransferUITests.xctest */ = {isa = PBXFileReference; explicitFileType = wrapper.cfbundle; includeInIndex = 0; path = amtransferUITests.xctest; sourceTree = BUILT_PRODUCTS_DIR; };
		EC79789F2E596FFA00B49BF9 /* .gitignore */ = {isa = PBXFileReference; lastKnownFileType = text; path = .gitignore; sourceTree = "<group>"; };
		ECA8D0732E58A66300BB0990 /* amtransfer/Config/Secrets.plist */ = {isa = PBXFileReference; lastKnownFileType = text.plist.xml; path = amtransfer/Config/Secrets.plist; sourceTree = "<group>"; };
/* End PBXFileReference section */

/* Begin PBXFileSystemSynchronizedRootGroup section */
		EC1E835A2E54C25A00E4AE72 /* amtransfer */ = {
			isa = PBXFileSystemSynchronizedRootGroup;
			path = amtransfer;
			sourceTree = "<group>";
		};
		EC1E83692E54C25B00E4AE72 /* amtransferTests */ = {
			isa = PBXFileSystemSynchronizedRootGroup;
			path = amtransferTests;
			sourceTree = "<group>";
		};
		EC1E83732E54C25B00E4AE72 /* amtransferUITests */ = {
			isa = PBXFileSystemSynchronizedRootGroup;
			path = amtransferUITests;
			sourceTree = "<group>";
		};
/* End PBXFileSystemSynchronizedRootGroup section */

/* Begin PBXFrameworksBuildPhase section */
		EC1E83552E54C25A00E4AE72 /* Frameworks */ = {
			isa = PBXFrameworksBuildPhase;
			buildActionMask = 2147483647;
			files = (
			);
			runOnlyForDeploymentPostprocessing = 0;
		};
		EC1E83632E54C25B00E4AE72 /* Frameworks */ = {
			isa = PBXFrameworksBuildPhase;
			buildActionMask = 2147483647;
			files = (
			);
			runOnlyForDeploymentPostprocessing = 0;
		};
		EC1E836D2E54C25B00E4AE72 /* Frameworks */ = {
			isa = PBXFrameworksBuildPhase;
			buildActionMask = 2147483647;
			files = (
			);
			runOnlyForDeploymentPostprocessing = 0;
		};
/* End PBXFrameworksBuildPhase section */

/* Begin PBXGroup section */
		EC1E834F2E54C25A00E4AE72 = {
			isa = PBXGroup;
			children = (
				EC79789F2E596FFA00B49BF9 /* .gitignore */,
				EC1E835A2E54C25A00E4AE72 /* amtransfer */,
				EC1E83692E54C25B00E4AE72 /* amtransferTests */,
				EC1E83732E54C25B00E4AE72 /* amtransferUITests */,
				EC1E83592E54C25A00E4AE72 /* Products */,
				ECA8D0732E58A66300BB0990 /* amtransfer/Config/Secrets.plist */,
			);
			sourceTree = "<group>";
		};
		EC1E83592E54C25A00E4AE72 /* Products */ = {
			isa = PBXGroup;
			children = (
				EC1E83582E54C25A00E4AE72 /* amtransfer.app */,
				EC1E83662E54C25B00E4AE72 /* amtransferTests.xctest */,
				EC1E83702E54C25B00E4AE72 /* amtransferUITests.xctest */,
			);
			name = Products;
			sourceTree = "<group>";
		};
/* End PBXGroup section */

/* Begin PBXNativeTarget section */
		EC1E83572E54C25A00E4AE72 /* amtransfer */ = {
			isa = PBXNativeTarget;
			buildConfigurationList = EC1E837A2E54C25B00E4AE72 /* Build configuration list for PBXNativeTarget "amtransfer" */;
			buildPhases = (
				EC1E83542E54C25A00E4AE72 /* Sources */,
				EC1E83552E54C25A00E4AE72 /* Frameworks */,
				EC1E83562E54C25A00E4AE72 /* Resources */,
			);
			buildRules = (
			);
			dependencies = (
			);
			fileSystemSynchronizedGroups = (
				EC1E835A2E54C25A00E4AE72 /* amtransfer */,
			);
			name = amtransfer;
			packageProductDependencies = (
			);
			productName = amtransfer;
			productReference = EC1E83582E54C25A00E4AE72 /* amtransfer.app */;
			productType = "com.apple.product-type.application";
		};
		EC1E83652E54C25B00E4AE72 /* amtransferTests */ = {
			isa = PBXNativeTarget;
			buildConfigurationList = EC1E837D2E54C25B00E4AE72 /* Build configuration list for PBXNativeTarget "amtransferTests" */;
			buildPhases = (
				EC1E83622E54C25B00E4AE72 /* Sources */,
				EC1E83632E54C25B00E4AE72 /* Frameworks */,
				EC1E83642E54C25B00E4AE72 /* Resources */,
			);
			buildRules = (
			);
			dependencies = (
				EC1E83682E54C25B00E4AE72 /* PBXTargetDependency */,
			);
			fileSystemSynchronizedGroups = (
				EC1E83692E54C25B00E4AE72 /* amtransferTests */,
			);
			name = amtransferTests;
			packageProductDependencies = (
			);
			productName = amtransferTests;
			productReference = EC1E83662E54C25B00E4AE72 /* amtransferTests.xctest */;
			productType = "com.apple.product-type.bundle.unit-test";
		};
		EC1E836F2E54C25B00E4AE72 /* amtransferUITests */ = {
			isa = PBXNativeTarget;
			buildConfigurationList = EC1E83802E54C25B00E4AE72 /* Build configuration list for PBXNativeTarget "amtransferUITests" */;
			buildPhases = (
				EC1E836C2E54C25B00E4AE72 /* Sources */,
				EC1E836D2E54C25B00E4AE72 /* Frameworks */,
				EC1E836E2E54C25B00E4AE72 /* Resources */,
			);
			buildRules = (
			);
			dependencies = (
				EC1E83722E54C25B00E4AE72 /* PBXTargetDependency */,
			);
			fileSystemSynchronizedGroups = (
				EC1E83732E54C25B00E4AE72 /* amtransferUITests */,
			);
			name = amtransferUITests;
			packageProductDependencies = (
			);
			productName = amtransferUITests;
			productReference = EC1E83702E54C25B00E4AE72 /* amtransferUITests.xctest */;
			productType = "com.apple.product-type.bundle.ui-testing";
		};
/* End PBXNativeTarget section */

/* Begin PBXProject section */
		EC1E83502E54C25A00E4AE72 /* Project object */ = {
			isa = PBXProject;
			attributes = {
				BuildIndependentTargetsInParallel = 1;
				LastSwiftUpdateCheck = 1640;
				LastUpgradeCheck = 1640;
				TargetAttributes = {
					EC1E83572E54C25A00E4AE72 = {
						CreatedOnToolsVersion = 16.4;
					};
					EC1E83652E54C25B00E4AE72 = {
						CreatedOnToolsVersion = 16.4;
						TestTargetID = EC1E83572E54C25A00E4AE72;
					};
					EC1E836F2E54C25B00E4AE72 = {
						CreatedOnToolsVersion = 16.4;
						TestTargetID = EC1E83572E54C25A00E4AE72;
					};
				};
			};
			buildConfigurationList = EC1E83532E54C25A00E4AE72 /* Build configuration list for PBXProject "amtransfer" */;
			developmentRegion = en;
			hasScannedForEncodings = 0;
			knownRegions = (
				en,
				Base,
			);
			mainGroup = EC1E834F2E54C25A00E4AE72;
			minimizedProjectReferenceProxies = 1;
			preferredProjectObjectVersion = 77;
			productRefGroup = EC1E83592E54C25A00E4AE72 /* Products */;
			projectDirPath = "";
			projectRoot = "";
			targets = (
				EC1E83572E54C25A00E4AE72 /* amtransfer */,
				EC1E83652E54C25B00E4AE72 /* amtransferTests */,
				EC1E836F2E54C25B00E4AE72 /* amtransferUITests */,
			);
		};
/* End PBXProject section */

/* Begin PBXResourcesBuildPhase section */
		EC1E83562E54C25A00E4AE72 /* Resources */ = {
			isa = PBXResourcesBuildPhase;
			buildActionMask = 2147483647;
			files = (
				ECA8D0742E58A66300BB0990 /* amtransfer/Config/Secrets.plist in Resources */,
				EC7978A22E596FFA00B49BF9 /* .gitignore in Resources */,
			);
			runOnlyForDeploymentPostprocessing = 0;
		};
		EC1E83642E54C25B00E4AE72 /* Resources */ = {
			isa = PBXResourcesBuildPhase;
			buildActionMask = 2147483647;
			files = (
				EC7978A02E596FFA00B49BF9 /* .gitignore in Resources */,
				ECA8D0752E58A66300BB0990 /* amtransfer/Config/Secrets.plist in Resources */,
			);
			runOnlyForDeploymentPostprocessing = 0;
		};
		EC1E836E2E54C25B00E4AE72 /* Resources */ = {
			isa = PBXResourcesBuildPhase;
			buildActionMask = 2147483647;
			files = (
				EC7978A12E596FFA00B49BF9 /* .gitignore in Resources */,
				ECA8D0762E58A66300BB0990 /* amtransfer/Config/Secrets.plist in Resources */,
			);
			runOnlyForDeploymentPostprocessing = 0;
		};
/* End PBXResourcesBuildPhase section */

/* Begin PBXSourcesBuildPhase section */
		EC1E83542E54C25A00E4AE72 /* Sources */ = {
			isa = PBXSourcesBuildPhase;
			buildActionMask = 2147483647;
			files = (
			);
			runOnlyForDeploymentPostprocessing = 0;
		};
		EC1E83622E54C25B00E4AE72 /* Sources */ = {
			isa = PBXSourcesBuildPhase;
			buildActionMask = 2147483647;
			files = (
			);
			runOnlyForDeploymentPostprocessing = 0;
		};
		EC1E836C2E54C25B00E4AE72 /* Sources */ = {
			isa = PBXSourcesBuildPhase;
			buildActionMask = 2147483647;
			files = (
			);
			runOnlyForDeploymentPostprocessing = 0;
		};
/* End PBXSourcesBuildPhase section */

/* Begin PBXTargetDependency section */
		EC1E83682E54C25B00E4AE72 /* PBXTargetDependency */ = {
			isa = PBXTargetDependency;
			target = EC1E83572E54C25A00E4AE72 /* amtransfer */;
			targetProxy = EC1E83672E54C25B00E4AE72 /* PBXContainerItemProxy */;
		};
		EC1E83722E54C25B00E4AE72 /* PBXTargetDependency */ = {
			isa = PBXTargetDependency;
			target = EC1E83572E54C25A00E4AE72 /* amtransfer */;
			targetProxy = EC1E83712E54C25B00E4AE72 /* PBXContainerItemProxy */;
		};
/* End PBXTargetDependency section */

/* Begin XCBuildConfiguration section */
		EC1E83782E54C25B00E4AE72 /* Debug */ = {
			isa = XCBuildConfiguration;
			buildSettings = {
				ALWAYS_SEARCH_USER_PATHS = NO;
				ASSETCATALOG_COMPILER_GENERATE_SWIFT_ASSET_SYMBOL_EXTENSIONS = YES;
				CLANG_ANALYZER_NONNULL = YES;
				CLANG_ANALYZER_NUMBER_OBJECT_CONVERSION = YES_AGGRESSIVE;
				CLANG_CXX_LANGUAGE_STANDARD = "gnu++20";
				CLANG_ENABLE_MODULES = YES;
				CLANG_ENABLE_OBJC_ARC = YES;
				CLANG_ENABLE_OBJC_WEAK = YES;
				CLANG_WARN_BLOCK_CAPTURE_AUTORELEASING = YES;
				CLANG_WARN_BOOL_CONVERSION = YES;
				CLANG_WARN_COMMA = YES;
				CLANG_WARN_CONSTANT_CONVERSION = YES;
				CLANG_WARN_DEPRECATED_OBJC_IMPLEMENTATIONS = YES;
				CLANG_WARN_DIRECT_OBJC_ISA_USAGE = YES_ERROR;
				CLANG_WARN_DOCUMENTATION_COMMENTS = YES;
				CLANG_WARN_EMPTY_BODY = YES;
				CLANG_WARN_ENUM_CONVERSION = YES;
				CLANG_WARN_INFINITE_RECURSION = YES;
				CLANG_WARN_INT_CONVERSION = YES;
				CLANG_WARN_NON_LITERAL_NULL_CONVERSION = YES;
				CLANG_WARN_OBJC_IMPLICIT_RETAIN_SELF = YES;
				CLANG_WARN_OBJC_LITERAL_CONVERSION = YES;
				CLANG_WARN_OBJC_ROOT_CLASS = YES_ERROR;
				CLANG_WARN_QUOTED_INCLUDE_IN_FRAMEWORK_HEADER = YES;
				CLANG_WARN_RANGE_LOOP_ANALYSIS = YES;
				CLANG_WARN_STRICT_PROTOTYPES = YES;
				CLANG_WARN_SUSPICIOUS_MOVE = YES;
				CLANG_WARN_UNGUARDED_AVAILABILITY = YES_AGGRESSIVE;
				CLANG_WARN_UNREACHABLE_CODE = YES;
				CLANG_WARN__DUPLICATE_METHOD_MATCH = YES;
				COPY_PHASE_STRIP = NO;
				DEBUG_INFORMATION_FORMAT = dwarf;
				DEVELOPMENT_TEAM = 7229HA67NJ;
				ENABLE_STRICT_OBJC_MSGSEND = YES;
				ENABLE_TESTABILITY = YES;
				ENABLE_USER_SCRIPT_SANDBOXING = YES;
				GCC_C_LANGUAGE_STANDARD = gnu17;
				GCC_DYNAMIC_NO_PIC = NO;
				GCC_NO_COMMON_BLOCKS = YES;
				GCC_OPTIMIZATION_LEVEL = 0;
				GCC_PREPROCESSOR_DEFINITIONS = (
					"DEBUG=1",
					"$(inherited)",
				);
				GCC_WARN_64_TO_32_BIT_CONVERSION = YES;
				GCC_WARN_ABOUT_RETURN_TYPE = YES_ERROR;
				GCC_WARN_UNDECLARED_SELECTOR = YES;
				GCC_WARN_UNINITIALIZED_AUTOS = YES_AGGRESSIVE;
				GCC_WARN_UNUSED_FUNCTION = YES;
				GCC_WARN_UNUSED_VARIABLE = YES;
				LOCALIZATION_PREFERS_STRING_CATALOGS = YES;
				MACOSX_DEPLOYMENT_TARGET = 15.5;
				MTL_ENABLE_DEBUG_INFO = INCLUDE_SOURCE;
				MTL_FAST_MATH = YES;
				ONLY_ACTIVE_ARCH = YES;
				SDKROOT = macosx;
				SWIFT_ACTIVE_COMPILATION_CONDITIONS = "DEBUG $(inherited)";
				SWIFT_OPTIMIZATION_LEVEL = "-Onone";
			};
			name = Debug;
		};
		EC1E83792E54C25B00E4AE72 /* Release */ = {
			isa = XCBuildConfiguration;
			buildSettings = {
				ALWAYS_SEARCH_USER_PATHS = NO;
				ASSETCATALOG_COMPILER_GENERATE_SWIFT_ASSET_SYMBOL_EXTENSIONS = YES;
				CLANG_ANALYZER_NONNULL = YES;
				CLANG_ANALYZER_NUMBER_OBJECT_CONVERSION = YES_AGGRESSIVE;
				CLANG_CXX_LANGUAGE_STANDARD = "gnu++20";
				CLANG_ENABLE_MODULES = YES;
				CLANG_ENABLE_OBJC_ARC = YES;
				CLANG_ENABLE_OBJC_WEAK = YES;
				CLANG_WARN_BLOCK_CAPTURE_AUTORELEASING = YES;
				CLANG_WARN_BOOL_CONVERSION = YES;
				CLANG_WARN_COMMA = YES;
				CLANG_WARN_CONSTANT_CONVERSION = YES;
				CLANG_WARN_DEPRECATED_OBJC_IMPLEMENTATIONS = YES;
				CLANG_WARN_DIRECT_OBJC_ISA_USAGE = YES_ERROR;
				CLANG_WARN_DOCUMENTATION_COMMENTS = YES;
				CLANG_WARN_EMPTY_BODY = YES;
				CLANG_WARN_ENUM_CONVERSION = YES;
				CLANG_WARN_INFINITE_RECURSION = YES;
				CLANG_WARN_INT_CONVERSION = YES;
				CLANG_WARN_NON_LITERAL_NULL_CONVERSION = YES;
				CLANG_WARN_OBJC_IMPLICIT_RETAIN_SELF = YES;
				CLANG_WARN_OBJC_LITERAL_CONVERSION = YES;
				CLANG_WARN_OBJC_ROOT_CLASS = YES_ERROR;
				CLANG_WARN_QUOTED_INCLUDE_IN_FRAMEWORK_HEADER = YES;
				CLANG_WARN_RANGE_LOOP_ANALYSIS = YES;
				CLANG_WARN_STRICT_PROTOTYPES = YES;
				CLANG_WARN_SUSPICIOUS_MOVE = YES;
				CLANG_WARN_UNGUARDED_AVAILABILITY = YES_AGGRESSIVE;
				CLANG_WARN_UNREACHABLE_CODE = YES;
				CLANG_WARN__DUPLICATE_METHOD_MATCH = YES;
				COPY_PHASE_STRIP = NO;
				DEBUG_INFORMATION_FORMAT = "dwarf-with-dsym";
				DEVELOPMENT_TEAM = 7229HA67NJ;
				ENABLE_NS_ASSERTIONS = NO;
				ENABLE_STRICT_OBJC_MSGSEND = YES;
				ENABLE_USER_SCRIPT_SANDBOXING = YES;
				GCC_C_LANGUAGE_STANDARD = gnu17;
				GCC_NO_COMMON_BLOCKS = YES;
				GCC_WARN_64_TO_32_BIT_CONVERSION = YES;
				GCC_WARN_ABOUT_RETURN_TYPE = YES_ERROR;
				GCC_WARN_UNDECLARED_SELECTOR = YES;
				GCC_WARN_UNINITIALIZED_AUTOS = YES_AGGRESSIVE;
				GCC_WARN_UNUSED_FUNCTION = YES;
				GCC_WARN_UNUSED_VARIABLE = YES;
				LOCALIZATION_PREFERS_STRING_CATALOGS = YES;
				MACOSX_DEPLOYMENT_TARGET = 15.5;
				MTL_ENABLE_DEBUG_INFO = NO;
				MTL_FAST_MATH = YES;
				SDKROOT = macosx;
				SWIFT_COMPILATION_MODE = wholemodule;
			};
			name = Release;
		};
		EC1E837B2E54C25B00E4AE72 /* Debug */ = {
			isa = XCBuildConfiguration;
			buildSettings = {
				ASSETCATALOG_COMPILER_APPICON_NAME = AppIcon;
				ASSETCATALOG_COMPILER_GLOBAL_ACCENT_COLOR_NAME = AccentColor;
				CODE_SIGN_ENTITLEMENTS = amtransfer/amtransfer.entitlements;
				CODE_SIGN_STYLE = Automatic;
				COMBINE_HIDPI_IMAGES = YES;
				CURRENT_PROJECT_VERSION = 1;
				DEVELOPMENT_TEAM = 7229HA67NJ;
				ENABLE_HARDENED_RUNTIME = YES;
				ENABLE_PREVIEWS = YES;
				GENERATE_INFOPLIST_FILE = YES;
				INFOPLIST_KEY_NSHumanReadableCopyright = "";
				LD_RUNPATH_SEARCH_PATHS = (
					"$(inherited)",
					"@executable_path/../Frameworks",
				);
				MARKETING_VERSION = 1.0;
				PRODUCT_BUNDLE_IDENTIFIER = com.cvtlvnd.amtransfer;
				PRODUCT_NAME = "$(TARGET_NAME)";
				REGISTER_APP_GROUPS = YES;
				SWIFT_EMIT_LOC_STRINGS = YES;
				SWIFT_VERSION = 5.0;
			};
			name = Debug;
		};
		EC1E837C2E54C25B00E4AE72 /* Release */ = {
			isa = XCBuildConfiguration;
			buildSettings = {
				ASSETCATALOG_COMPILER_APPICON_NAME = AppIcon;
				ASSETCATALOG_COMPILER_GLOBAL_ACCENT_COLOR_NAME = AccentColor;
				CODE_SIGN_ENTITLEMENTS = amtransfer/amtransfer.entitlements;
				CODE_SIGN_STYLE = Automatic;
				COMBINE_HIDPI_IMAGES = YES;
				CURRENT_PROJECT_VERSION = 1;
				DEVELOPMENT_TEAM = 7229HA67NJ;
				ENABLE_HARDENED_RUNTIME = YES;
				ENABLE_PREVIEWS = YES;
				GENERATE_INFOPLIST_FILE = YES;
				INFOPLIST_KEY_NSHumanReadableCopyright = "";
				LD_RUNPATH_SEARCH_PATHS = (
					"$(inherited)",
					"@executable_path/../Frameworks",
				);
				MARKETING_VERSION = 1.0;
				PRODUCT_BUNDLE_IDENTIFIER = com.cvtlvnd.amtransfer;
				PRODUCT_NAME = "$(TARGET_NAME)";
				REGISTER_APP_GROUPS = YES;
				SWIFT_EMIT_LOC_STRINGS = YES;
				SWIFT_VERSION = 5.0;
			};
			name = Release;
		};
		EC1E837E2E54C25B00E4AE72 /* Debug */ = {
			isa = XCBuildConfiguration;
			buildSettings = {
				BUNDLE_LOADER = "$(TEST_HOST)";
				CODE_SIGN_STYLE = Automatic;
				CURRENT_PROJECT_VERSION = 1;
				DEVELOPMENT_TEAM = 7229HA67NJ;
				GENERATE_INFOPLIST_FILE = YES;
				MACOSX_DEPLOYMENT_TARGET = 15.5;
				MARKETING_VERSION = 1.0;
				PRODUCT_BUNDLE_IDENTIFIER = com.cvtlvnd.amtransferTests;
				PRODUCT_NAME = "$(TARGET_NAME)";
				SWIFT_EMIT_LOC_STRINGS = NO;
				SWIFT_VERSION = 5.0;
				TEST_HOST = "$(BUILT_PRODUCTS_DIR)/amtransfer.app/$(BUNDLE_EXECUTABLE_FOLDER_PATH)/amtransfer";
			};
			name = Debug;
		};
		EC1E837F2E54C25B00E4AE72 /* Release */ = {
			isa = XCBuildConfiguration;
			buildSettings = {
				BUNDLE_LOADER = "$(TEST_HOST)";
				CODE_SIGN_STYLE = Automatic;
				CURRENT_PROJECT_VERSION = 1;
				DEVELOPMENT_TEAM = 7229HA67NJ;
				GENERATE_INFOPLIST_FILE = YES;
				MACOSX_DEPLOYMENT_TARGET = 15.5;
				MARKETING_VERSION = 1.0;
				PRODUCT_BUNDLE_IDENTIFIER = com.cvtlvnd.amtransferTests;
				PRODUCT_NAME = "$(TARGET_NAME)";
				SWIFT_EMIT_LOC_STRINGS = NO;
				SWIFT_VERSION = 5.0;
				TEST_HOST = "$(BUILT_PRODUCTS_DIR)/amtransfer.app/$(BUNDLE_EXECUTABLE_FOLDER_PATH)/amtransfer";
			};
			name = Release;
		};
		EC1E83812E54C25B00E4AE72 /* Debug */ = {
			isa = XCBuildConfiguration;
			buildSettings = {
				CODE_SIGN_STYLE = Automatic;
				CURRENT_PROJECT_VERSION = 1;
				DEVELOPMENT_TEAM = 7229HA67NJ;
				GENERATE_INFOPLIST_FILE = YES;
				MARKETING_VERSION = 1.0;
				PRODUCT_BUNDLE_IDENTIFIER = com.cvtlvnd.amtransferUITests;
				PRODUCT_NAME = "$(TARGET_NAME)";
				SWIFT_EMIT_LOC_STRINGS = NO;
				SWIFT_VERSION = 5.0;
				TEST_TARGET_NAME = amtransfer;
			};
			name = Debug;
		};
		EC1E83822E54C25B00E4AE72 /* Release */ = {
			isa = XCBuildConfiguration;
			buildSettings = {
				CODE_SIGN_STYLE = Automatic;
				CURRENT_PROJECT_VERSION = 1;
				DEVELOPMENT_TEAM = 7229HA67NJ;
				GENERATE_INFOPLIST_FILE = YES;
				MARKETING_VERSION = 1.0;
				PRODUCT_BUNDLE_IDENTIFIER = com.cvtlvnd.amtransferUITests;
				PRODUCT_NAME = "$(TARGET_NAME)";
				SWIFT_EMIT_LOC_STRINGS = NO;
				SWIFT_VERSION = 5.0;
				TEST_TARGET_NAME = amtransfer;
			};
			name = Release;
		};
/* End XCBuildConfiguration section */

/* Begin XCConfigurationList section */
		EC1E83532E54C25A00E4AE72 /* Build configuration list for PBXProject "amtransfer" */ = {
			isa = XCConfigurationList;
			buildConfigurations = (
				EC1E83782E54C25B00E4AE72 /* Debug */,
				EC1E83792E54C25B00E4AE72 /* Release */,
			);
			defaultConfigurationIsVisible = 0;
			defaultConfigurationName = Release;
		};
		EC1E837A2E54C25B00E4AE72 /* Build configuration list for PBXNativeTarget "amtransfer" */ = {
			isa = XCConfigurationList;
			buildConfigurations = (
				EC1E837B2E54C25B00E4AE72 /* Debug */,
				EC1E837C2E54C25B00E4AE72 /* Release */,
			);
			defaultConfigurationIsVisible = 0;
			defaultConfigurationName = Release;
		};
		EC1E837D2E54C25B00E4AE72 /* Build configuration list for PBXNativeTarget "amtransferTests" */ = {
			isa = XCConfigurationList;
			buildConfigurations = (
				EC1E837E2E54C25B00E4AE72 /* Debug */,
				EC1E837F2E54C25B00E4AE72 /* Release */,
			);
			defaultConfigurationIsVisible = 0;
			defaultConfigurationName = Release;
		};
		EC1E83802E54C25B00E4AE72 /* Build configuration list for PBXNativeTarget "amtransferUITests" */ = {
			isa = XCConfigurationList;
			buildConfigurations = (
				EC1E83812E54C25B00E4AE72 /* Debug */,
				EC1E83822E54C25B00E4AE72 /* Release */,
			);
			defaultConfigurationIsVisible = 0;
			defaultConfigurationName = Release;
		};
/* End XCConfigurationList section */
	};
	rootObject = EC1E83502E54C25A00E4AE72 /* Project object */;
}
